<?xml version="1.0" encoding="utf-8"?>
<Project ToolsVersion="4.0" xmlns="http://schemas.microsoft.com/developer/msbuild/2003">
  <ItemGroup>
    <Filter Include="src">
      <UniqueIdentifier>{8bb2c07b-adc3-4685-8af2-18eb7675c5e5}</UniqueIdentifier>
    </Filter>
  </ItemGroup>
  <ItemGroup>
    <ClCompile Include="..\winworks\sillywatcher\sillywatcher.cc">
      <Filter>src</Filter>
    </ClCompile>
  </ItemGroup>
  <ItemGroup>
    <ClInclude Include="..\winworks\sillywatcher\sillywatcher.h">
      <Filter>src</Filter>
    </ClInclude>
    <ClInclude Include="..\winworks\sillywatcher\threadtemplate.h">
      <Filter>src</Filter>
    </ClInclude>
  </ItemGroup>
</Project>