<?xml version="1.0" encoding="utf-8"?>
<Project ToolsVersion="4.0" xmlns="http://schemas.microsoft.com/developer/msbuild/2003">
  <ItemGroup>
    <Filter Include="src">
      <UniqueIdentifier>{5c71062b-5ef9-450c-a47f-735a98d31834}</UniqueIdentifier>
    </Filter>
    <Filter Include="win32res">
      <UniqueIdentifier>{3ef3a299-bf14-480e-9835-c00397a2bbb7}</UniqueIdentifier>
    </Filter>
  </ItemGroup>
  <ItemGroup>
    <ClCompile Include="..\examples\xkey2\xkey2.cpp">
      <Filter>src</Filter>
    </ClCompile>
    <ClCompile Include="..\examples\xkey2\xkey2frame.cpp">
      <Filter>src</Filter>
    </ClCompile>
  </ItemGroup>
  <ItemGroup>
    <Image Include="..\examples\xkey2\wres\w.ico">
      <Filter>win32res</Filter>
    </Image>
  </ItemGroup>
  <ItemGroup>
    <ResourceCompile Include="..\examples\xkey2\wres\xkey2.rc">
      <Filter>win32res</Filter>
    </ResourceCompile>
  </ItemGroup>
  <ItemGroup>
    <ClInclude Include="..\examples\xkey2\wres\resource.h">
      <Filter>win32res</Filter>
    </ClInclude>
    <ClInclude Include="..\examples\xkey2\xkey2.h">
      <Filter>src</Filter>
    </ClInclude>
    <ClInclude Include="..\examples\xkey2\xkey2frame.h">
      <Filter>src</Filter>
    </ClInclude>
  </ItemGroup>
</Project>